
Microsoft Visual Studio Solution File, Format Version 12.00
# Visual Studio Version 16
VisualStudioVersion = 16.0.29318.209
MinimumVisualStudioVersion = 10.0.40219.1
Project("{9A19103F-16F7-4668-BE54-9A1E7A4F7556}") = "Dream-Stream", "Dream-Stream\Dream-Stream.csproj", "{45B8D506-0583-4B1D-87D8-99B3315EA035}"
EndProject
Project("{FAE04EC0-301F-11D3-BF4B-00C04F79EFBC}") = "UnitTests", "UnitTests\UnitTests.csproj", "{B464BFD4-9D63-44A4-92C7-70CFB635FD07}"
EndProject
Global
	GlobalSection(SolutionConfigurationPlatforms) = preSolution
		Debug|Any CPU = Debug|Any CPU
		Release|Any CPU = Release|Any CPU
	EndGlobalSection
	GlobalSection(ProjectConfigurationPlatforms) = postSolution
		{45B8D506-0583-4B1D-87D8-99B3315EA035}.Debug|Any CPU.ActiveCfg = Debug|Any CPU
		{45B8D506-0583-4B1D-87D8-99B3315EA035}.Debug|Any CPU.Build.0 = Debug|Any CPU
		{45B8D506-0583-4B1D-87D8-99B3315EA035}.Release|Any CPU.ActiveCfg = Release|Any CPU
		{45B8D506-0583-4B1D-87D8-99B3315EA035}.Release|Any CPU.Build.0 = Release|Any CPU
		{B464BFD4-9D63-44A4-92C7-70CFB635FD07}.Debug|Any CPU.ActiveCfg = Debug|Any CPU
		{B464BFD4-9D63-44A4-92C7-70CFB635FD07}.Debug|Any CPU.Build.0 = Debug|Any CPU
		{B464BFD4-9D63-44A4-92C7-70CFB635FD07}.Release|Any CPU.ActiveCfg = Release|Any CPU
		{B464BFD4-9D63-44A4-92C7-70CFB635FD07}.Release|Any CPU.Build.0 = Release|Any CPU
	EndGlobalSection
	GlobalSection(SolutionProperties) = preSolution
		HideSolutionNode = FALSE
	EndGlobalSection
	GlobalSection(ExtensibilityGlobals) = postSolution
		SolutionGuid = {975D8513-73BA-4F1B-978A-828A575CE814}
	EndGlobalSection
EndGlobal
